
Microsoft Visual Studio Solution File, Format Version 12.00
# Visual Studio Version 16
VisualStudioVersion = 16.0.31624.102
MinimumVisualStudioVersion = 10.0.40219.1
Project("{FAE04EC0-301F-11D3-BF4B-00C04F79EFBC}") = "Lab1(Gauss)", "Lab1(Gauss)\Lab1(Gauss).csproj", "{81B6D0D5-2911-441D-9B6F-B73D1436A4BB}"
EndProject
Global
	GlobalSection(SolutionConfigurationPlatforms) = preSolution
		Debug|Any CPU = Debug|Any CPU
		Release|Any CPU = Release|Any CPU
	EndGlobalSection
	GlobalSection(ProjectConfigurationPlatforms) = postSolution
		{81B6D0D5-2911-441D-9B6F-B73D1436A4BB}.Debug|Any CPU.ActiveCfg = Debug|Any CPU
		{81B6D0D5-2911-441D-9B6F-B73D1436A4BB}.Debug|Any CPU.Build.0 = Debug|Any CPU
		{81B6D0D5-2911-441D-9B6F-B73D1436A4BB}.Release|Any CPU.ActiveCfg = Release|Any CPU
		{81B6D0D5-2911-441D-9B6F-B73D1436A4BB}.Release|Any CPU.Build.0 = Release|Any CPU
	EndGlobalSection
	GlobalSection(SolutionProperties) = preSolution
		HideSolutionNode = FALSE
	EndGlobalSection
	GlobalSection(ExtensibilityGlobals) = postSolution
		SolutionGuid = {486C6CA5-C85E-4D35-B371-434D28629DBB}
	EndGlobalSection
EndGlobal
